
Microsoft Visual Studio Solution File, Format Version 12.00
# Visual Studio 15
VisualStudioVersion = 15.0.25914.0
MinimumVisualStudioVersion = 10.0.40219.1
Project("{FAE04EC0-301F-11D3-BF4B-00C04F79EFBC}") = "ConsoleApp1", "ConsoleApp1\ConsoleApp1.csproj", "{3A8744A3-7972-4E2C-80F4-7F731008E5FD}"
EndProject
Project("{FAE04EC0-301F-11D3-BF4B-00C04F79EFBC}") = "NeuralNetwork", "NeuralNetwork\NeuralNetwork.csproj", "{0955C4F3-2760-4B21-A67C-AB451B823B0E}"
EndProject
Project("{FAE04EC0-301F-11D3-BF4B-00C04F79EFBC}") = "GeneticAlgorithm", "GeneticAlgorithm\GeneticAlgorithm.csproj", "{2358FDAE-4B41-482E-8B5E-E4F45BB950A6}"
EndProject
Project("{FAE04EC0-301F-11D3-BF4B-00C04F79EFBC}") = "NeuralNetworkEditor", "NeuralNetworkManipulation\NeuralNetworkEditor.csproj", "{74358058-4FCA-44CE-96E0-12FE67CC7550}"
EndProject
Project("{2150E333-8FDC-42A3-9474-1A3956D46DE8}") = "UnitTests", "UnitTests", "{2B0DFE07-C620-4D67-9038-D04E541ECC24}"
EndProject
Project("{FAE04EC0-301F-11D3-BF4B-00C04F79EFBC}") = "NeuralNetwork.UnitTest", "NeuralNetwork.UnitTest\NeuralNetwork.UnitTest.csproj", "{A143029B-FB5E-42F8-8977-02A88D910FB5}"
EndProject
Project("{FAE04EC0-301F-11D3-BF4B-00C04F79EFBC}") = "NeuralNetworkManipulation.UnitTest", "NeuralNetworkManipulation.UnitTest\NeuralNetworkManipulation.UnitTest.csproj", "{89754CEB-8E75-4DB4-90BE-FFF635D12DDA}"
EndProject
Global
	GlobalSection(SolutionConfigurationPlatforms) = preSolution
		Debug|Any CPU = Debug|Any CPU
		Release|Any CPU = Release|Any CPU
	EndGlobalSection
	GlobalSection(ProjectConfigurationPlatforms) = postSolution
		{3A8744A3-7972-4E2C-80F4-7F731008E5FD}.Debug|Any CPU.ActiveCfg = Debug|Any CPU
		{3A8744A3-7972-4E2C-80F4-7F731008E5FD}.Debug|Any CPU.Build.0 = Debug|Any CPU
		{3A8744A3-7972-4E2C-80F4-7F731008E5FD}.Release|Any CPU.ActiveCfg = Release|Any CPU
		{3A8744A3-7972-4E2C-80F4-7F731008E5FD}.Release|Any CPU.Build.0 = Release|Any CPU
		{0955C4F3-2760-4B21-A67C-AB451B823B0E}.Debug|Any CPU.ActiveCfg = Debug|Any CPU
		{0955C4F3-2760-4B21-A67C-AB451B823B0E}.Debug|Any CPU.Build.0 = Debug|Any CPU
		{0955C4F3-2760-4B21-A67C-AB451B823B0E}.Release|Any CPU.ActiveCfg = Release|Any CPU
		{0955C4F3-2760-4B21-A67C-AB451B823B0E}.Release|Any CPU.Build.0 = Release|Any CPU
		{2358FDAE-4B41-482E-8B5E-E4F45BB950A6}.Debug|Any CPU.ActiveCfg = Debug|Any CPU
		{2358FDAE-4B41-482E-8B5E-E4F45BB950A6}.Debug|Any CPU.Build.0 = Debug|Any CPU
		{2358FDAE-4B41-482E-8B5E-E4F45BB950A6}.Release|Any CPU.ActiveCfg = Release|Any CPU
		{2358FDAE-4B41-482E-8B5E-E4F45BB950A6}.Release|Any CPU.Build.0 = Release|Any CPU
		{74358058-4FCA-44CE-96E0-12FE67CC7550}.Debug|Any CPU.ActiveCfg = Debug|Any CPU
		{74358058-4FCA-44CE-96E0-12FE67CC7550}.Debug|Any CPU.Build.0 = Debug|Any CPU
		{74358058-4FCA-44CE-96E0-12FE67CC7550}.Release|Any CPU.ActiveCfg = Release|Any CPU
		{74358058-4FCA-44CE-96E0-12FE67CC7550}.Release|Any CPU.Build.0 = Release|Any CPU
		{A143029B-FB5E-42F8-8977-02A88D910FB5}.Debug|Any CPU.ActiveCfg = Debug|Any CPU
		{A143029B-FB5E-42F8-8977-02A88D910FB5}.Debug|Any CPU.Build.0 = Debug|Any CPU
		{A143029B-FB5E-42F8-8977-02A88D910FB5}.Release|Any CPU.ActiveCfg = Release|Any CPU
		{A143029B-FB5E-42F8-8977-02A88D910FB5}.Release|Any CPU.Build.0 = Release|Any CPU
		{89754CEB-8E75-4DB4-90BE-FFF635D12DDA}.Debug|Any CPU.ActiveCfg = Debug|Any CPU
		{89754CEB-8E75-4DB4-90BE-FFF635D12DDA}.Debug|Any CPU.Build.0 = Debug|Any CPU
		{89754CEB-8E75-4DB4-90BE-FFF635D12DDA}.Release|Any CPU.ActiveCfg = Release|Any CPU
		{89754CEB-8E75-4DB4-90BE-FFF635D12DDA}.Release|Any CPU.Build.0 = Release|Any CPU
	EndGlobalSection
	GlobalSection(SolutionProperties) = preSolution
		HideSolutionNode = FALSE
	EndGlobalSection
	GlobalSection(NestedProjects) = preSolution
		{A143029B-FB5E-42F8-8977-02A88D910FB5} = {2B0DFE07-C620-4D67-9038-D04E541ECC24}
		{89754CEB-8E75-4DB4-90BE-FFF635D12DDA} = {2B0DFE07-C620-4D67-9038-D04E541ECC24}
	EndGlobalSection
EndGlobal
